
Microsoft Visual Studio Solution File, Format Version 9.00
# Visual C# Express 2005
Project("{FAE04EC0-301F-11D3-BF4B-00C04F79EFBC}") = "SceneLib", "SceneLib.csproj", "{3671A932-1491-4CD9-B203-3E1B6313358E}"
	ProjectSection(ProjectDependencies) = postProject
		{6360CCEE-5CA8-4574-B0A1-99BB7AFBA2DD} = {6360CCEE-5CA8-4574-B0A1-99BB7AFBA2DD}
	EndProjectSection
EndProject
Project("{FAE04EC0-301F-11D3-BF4B-00C04F79EFBC}") = "visionlibrary", "..\visionlibrary\visionlibrary.csproj", "{6360CCEE-5CA8-4574-B0A1-99BB7AFBA2DD}"
EndProject
Global
	GlobalSection(SolutionConfigurationPlatforms) = preSolution
		Debug|Any CPU = Debug|Any CPU
		Release|Any CPU = Release|Any CPU
	EndGlobalSection
	GlobalSection(ProjectConfigurationPlatforms) = postSolution
		{3671A932-1491-4CD9-B203-3E1B6313358E}.Debug|Any CPU.ActiveCfg = Debug|Any CPU
		{3671A932-1491-4CD9-B203-3E1B6313358E}.Debug|Any CPU.Build.0 = Debug|Any CPU
		{3671A932-1491-4CD9-B203-3E1B6313358E}.Release|Any CPU.ActiveCfg = Release|Any CPU
		{3671A932-1491-4CD9-B203-3E1B6313358E}.Release|Any CPU.Build.0 = Release|Any CPU
		{6360CCEE-5CA8-4574-B0A1-99BB7AFBA2DD}.Debug|Any CPU.ActiveCfg = Debug|Any CPU
		{6360CCEE-5CA8-4574-B0A1-99BB7AFBA2DD}.Debug|Any CPU.Build.0 = Debug|Any CPU
		{6360CCEE-5CA8-4574-B0A1-99BB7AFBA2DD}.Release|Any CPU.ActiveCfg = Release|Any CPU
		{6360CCEE-5CA8-4574-B0A1-99BB7AFBA2DD}.Release|Any CPU.Build.0 = Release|Any CPU
	EndGlobalSection
	GlobalSection(SolutionProperties) = preSolution
		HideSolutionNode = FALSE
	EndGlobalSection
EndGlobal
